
Microsoft Visual Studio Solution File, Format Version 12.00
# Visual Studio Version 16
VisualStudioVersion = 16.0.33529.622
MinimumVisualStudioVersion = 10.0.40219.1
Project("{FAE04EC0-301F-11D3-BF4B-00C04F79EFBC}") = "TestDay3", "TestDay3\TestDay3.csproj", "{53732010-6A89-40B6-AD75-62350D4E60FC}"
EndProject
Global
	GlobalSection(SolutionConfigurationPlatforms) = preSolution
		Debug|Any CPU = Debug|Any CPU
		Release|Any CPU = Release|Any CPU
	EndGlobalSection
	GlobalSection(ProjectConfigurationPlatforms) = postSolution
		{53732010-6A89-40B6-AD75-62350D4E60FC}.Debug|Any CPU.ActiveCfg = Debug|Any CPU
		{53732010-6A89-40B6-AD75-62350D4E60FC}.Debug|Any CPU.Build.0 = Debug|Any CPU
		{53732010-6A89-40B6-AD75-62350D4E60FC}.Release|Any CPU.ActiveCfg = Release|Any CPU
		{53732010-6A89-40B6-AD75-62350D4E60FC}.Release|Any CPU.Build.0 = Release|Any CPU
	EndGlobalSection
	GlobalSection(SolutionProperties) = preSolution
		HideSolutionNode = FALSE
	EndGlobalSection
	GlobalSection(ExtensibilityGlobals) = postSolution
		SolutionGuid = {F33F62B9-3F27-49ED-B14F-635DE00F8DB6}
	EndGlobalSection
EndGlobal
